
Microsoft Visual Studio Solution File, Format Version 12.00
# Visual Studio Version 16
VisualStudioVersion = 16.0.29215.179
MinimumVisualStudioVersion = 10.0.40219.1
Project("{FAE04EC0-301F-11D3-BF4B-00C04F79EFBC}") = "FTPOverSocket", "FTPOverSocket\FTPOverSocket.csproj", "{B234AC3C-EC1A-4CC9-944E-BF0726B4266B}"
EndProject
Global
	GlobalSection(SolutionConfigurationPlatforms) = preSolution
		Debug|Any CPU = Debug|Any CPU
		Release|Any CPU = Release|Any CPU
	EndGlobalSection
	GlobalSection(ProjectConfigurationPlatforms) = postSolution
		{B234AC3C-EC1A-4CC9-944E-BF0726B4266B}.Debug|Any CPU.ActiveCfg = Debug|Any CPU
		{B234AC3C-EC1A-4CC9-944E-BF0726B4266B}.Debug|Any CPU.Build.0 = Debug|Any CPU
		{B234AC3C-EC1A-4CC9-944E-BF0726B4266B}.Release|Any CPU.ActiveCfg = Release|Any CPU
		{B234AC3C-EC1A-4CC9-944E-BF0726B4266B}.Release|Any CPU.Build.0 = Release|Any CPU
	EndGlobalSection
	GlobalSection(SolutionProperties) = preSolution
		HideSolutionNode = FALSE
	EndGlobalSection
	GlobalSection(ExtensibilityGlobals) = postSolution
		SolutionGuid = {F7A1547A-9067-4453-8AB4-002C8CF59589}
	EndGlobalSection
EndGlobal
